
Microsoft Visual Studio Solution File, Format Version 12.00
Project("{FAE04EC0-301F-11D3-BF4B-00C04F79EFBC}") = "Demo.Products.Api", "src\Demo.Products.Api\Demo.Products.Api.csproj", "{4003D1D8-9262-4FEE-9D6E-CA86AB8C0A75}"
EndProject
Project("{FAE04EC0-301F-11D3-BF4B-00C04F79EFBC}") = "Demo.Products.Api.Tests", "tests\Demo.Products.Api.Tests\Demo.Products.Api.Tests.csproj", "{910C2DDD-4564-4B22-9B22-704E83745525}"
EndProject
Global
	GlobalSection(SolutionConfigurationPlatforms) = preSolution
		Debug|Any CPU = Debug|Any CPU
		Release|Any CPU = Release|Any CPU
	EndGlobalSection
	GlobalSection(ProjectConfigurationPlatforms) = postSolution
		{4003D1D8-9262-4FEE-9D6E-CA86AB8C0A75}.Debug|Any CPU.ActiveCfg = Debug|Any CPU
		{4003D1D8-9262-4FEE-9D6E-CA86AB8C0A75}.Debug|Any CPU.Build.0 = Debug|Any CPU
		{4003D1D8-9262-4FEE-9D6E-CA86AB8C0A75}.Release|Any CPU.ActiveCfg = Release|Any CPU
		{4003D1D8-9262-4FEE-9D6E-CA86AB8C0A75}.Release|Any CPU.Build.0 = Release|Any CPU
		{910C2DDD-4564-4B22-9B22-704E83745525}.Debug|Any CPU.ActiveCfg = Debug|Any CPU
		{910C2DDD-4564-4B22-9B22-704E83745525}.Debug|Any CPU.Build.0 = Debug|Any CPU
		{910C2DDD-4564-4B22-9B22-704E83745525}.Release|Any CPU.ActiveCfg = Release|Any CPU
		{910C2DDD-4564-4B22-9B22-704E83745525}.Release|Any CPU.Build.0 = Release|Any CPU
	EndGlobalSection
EndGlobal
